// !$*UTF8*$!
{
	archiveVersion = 1;
	classes = {
	};
	objectVersion = 46;
	objects = {

/* Begin PBXBuildFile section */
		FA00CE0815A9E4E50033FA3F /* iTunesInterfaceTests.m in Sources */ = {isa = PBXBuildFile; fileRef = FA00CE0615A9E4E50033FA3F /* iTunesInterfaceTests.m */; };
		FA00CE0C15A9E72B0033FA3F /* TrackInfo.m in Sources */ = {isa = PBXBuildFile; fileRef = FA00CE0B15A9E72B0033FA3F /* TrackInfo.m */; };
		FA55257F15A9DA8A00C735D6 /* SenTestingKit.framework in Frameworks */ = {isa = PBXBuildFile; fileRef = FA55257E15A9DA8A00C735D6 /* SenTestingKit.framework */; };
		FA55258115A9DA8A00C735D6 /* Cocoa.framework in Frameworks */ = {isa = PBXBuildFile; fileRef = FA55258015A9DA8A00C735D6 /* Cocoa.framework */; };
		FA55258B15A9DA8A00C735D6 /* InfoPlist.strings in Resources */ = {isa = PBXBuildFile; fileRef = FA55258915A9DA8A00C735D6 /* InfoPlist.strings */; };
		FA55258E15A9DA8A00C735D6 /* VideoConvertTests.m in Sources */ = {isa = PBXBuildFile; fileRef = FA55258D15A9DA8A00C735D6 /* VideoConvertTests.m */; };
		FA93E5DF14D5BBE100361292 /* Foundation.framework in Frameworks */ = {isa = PBXBuildFile; fileRef = FA93E5DE14D5BBE100361292 /* Foundation.framework */; };
		FA93E5E214D5BBE100361292 /* main.m in Sources */ = {isa = PBXBuildFile; fileRef = FA93E5E114D5BBE100361292 /* main.m */; };
		FA93E5EE14D5BF5300361292 /* ConversionEngine.m in Sources */ = {isa = PBXBuildFile; fileRef = FA93E5ED14D5BF5300361292 /* ConversionEngine.m */; };
		FA93E5F314D5C7EF00361292 /* iTunesInterface.m in Sources */ = {isa = PBXBuildFile; fileRef = FA93E5F214D5C7EF00361292 /* iTunesInterface.m */; };
		FA93E5F514D5CE0B00361292 /* ScriptingBridge.framework in Frameworks */ = {isa = PBXBuildFile; fileRef = FA93E5F414D5CE0B00361292 /* ScriptingBridge.framework */; };
		FACE6AD014E7FDB3002367AC /* HandbrakeWrapper.m in Sources */ = {isa = PBXBuildFile; fileRef = FACE6ACF14E7FDB2002367AC /* HandbrakeWrapper.m */; };
/* End PBXBuildFile section */

/* Begin PBXCopyFilesBuildPhase section */
		FA93E5D814D5BBE000361292 /* CopyFiles */ = {
			isa = PBXCopyFilesBuildPhase;
			buildActionMask = 2147483647;
			dstPath = /usr/share/man/man1/;
			dstSubfolderSpec = 0;
			files = (
			);
			runOnlyForDeploymentPostprocessing = 1;
		};
/* End PBXCopyFilesBuildPhase section */

/* Begin PBXFileReference section */
		FA00CE0515A9E4E50033FA3F /* iTunesInterfaceTests.h */ = {isa = PBXFileReference; fileEncoding = 4; lastKnownFileType = sourcecode.c.h; path = iTunesInterfaceTests.h; sourceTree = "<group>"; };
		FA00CE0615A9E4E50033FA3F /* iTunesInterfaceTests.m */ = {isa = PBXFileReference; fileEncoding = 4; lastKnownFileType = sourcecode.c.objc; path = iTunesInterfaceTests.m; sourceTree = "<group>"; };
		FA00CE0715A9E4E50033FA3F /* STAssertAdditions.h */ = {isa = PBXFileReference; fileEncoding = 4; lastKnownFileType = sourcecode.c.h; path = STAssertAdditions.h; sourceTree = "<group>"; };
		FA00CE0A15A9E72B0033FA3F /* TrackInfo.h */ = {isa = PBXFileReference; fileEncoding = 4; lastKnownFileType = sourcecode.c.h; path = TrackInfo.h; sourceTree = "<group>"; };
		FA00CE0B15A9E72B0033FA3F /* TrackInfo.m */ = {isa = PBXFileReference; fileEncoding = 4; lastKnownFileType = sourcecode.c.objc; path = TrackInfo.m; sourceTree = "<group>"; };
		FA55257D15A9DA8A00C735D6 /* VideoConvertTests.octest */ = {isa = PBXFileReference; explicitFileType = wrapper.cfbundle; includeInIndex = 0; path = VideoConvertTests.octest; sourceTree = BUILT_PRODUCTS_DIR; };
		FA55257E15A9DA8A00C735D6 /* SenTestingKit.framework */ = {isa = PBXFileReference; lastKnownFileType = wrapper.framework; name = SenTestingKit.framework; path = Library/Frameworks/SenTestingKit.framework; sourceTree = DEVELOPER_DIR; };
		FA55258015A9DA8A00C735D6 /* Cocoa.framework */ = {isa = PBXFileReference; lastKnownFileType = wrapper.framework; name = Cocoa.framework; path = Library/Frameworks/Cocoa.framework; sourceTree = DEVELOPER_DIR; };
		FA55258315A9DA8A00C735D6 /* AppKit.framework */ = {isa = PBXFileReference; lastKnownFileType = wrapper.framework; name = AppKit.framework; path = Library/Frameworks/AppKit.framework; sourceTree = SDKROOT; };
		FA55258415A9DA8A00C735D6 /* CoreData.framework */ = {isa = PBXFileReference; lastKnownFileType = wrapper.framework; name = CoreData.framework; path = Library/Frameworks/CoreData.framework; sourceTree = SDKROOT; };
		FA55258515A9DA8A00C735D6 /* Foundation.framework */ = {isa = PBXFileReference; lastKnownFileType = wrapper.framework; name = Foundation.framework; path = Library/Frameworks/Foundation.framework; sourceTree = SDKROOT; };
		FA55258815A9DA8A00C735D6 /* VideoConvertTests-Info.plist */ = {isa = PBXFileReference; lastKnownFileType = text.plist.xml; path = "VideoConvertTests-Info.plist"; sourceTree = "<group>"; };
		FA55258A15A9DA8A00C735D6 /* en */ = {isa = PBXFileReference; lastKnownFileType = text.plist.strings; name = en; path = en.lproj/InfoPlist.strings; sourceTree = "<group>"; };
		FA55258C15A9DA8A00C735D6 /* VideoConvertTests.h */ = {isa = PBXFileReference; lastKnownFileType = sourcecode.c.h; path = VideoConvertTests.h; sourceTree = "<group>"; };
		FA55258D15A9DA8A00C735D6 /* VideoConvertTests.m */ = {isa = PBXFileReference; lastKnownFileType = sourcecode.c.objc; path = VideoConvertTests.m; sourceTree = "<group>"; };
		FA55258F15A9DA8A00C735D6 /* VideoConvertTests-Prefix.pch */ = {isa = PBXFileReference; lastKnownFileType = sourcecode.c.h; path = "VideoConvertTests-Prefix.pch"; sourceTree = "<group>"; };
		FA93E5DA14D5BBE000361292 /* VideoConvert */ = {isa = PBXFileReference; explicitFileType = "compiled.mach-o.executable"; includeInIndex = 0; path = VideoConvert; sourceTree = BUILT_PRODUCTS_DIR; };
		FA93E5DE14D5BBE100361292 /* Foundation.framework */ = {isa = PBXFileReference; lastKnownFileType = wrapper.framework; name = Foundation.framework; path = System/Library/Frameworks/Foundation.framework; sourceTree = SDKROOT; };
		FA93E5E114D5BBE100361292 /* main.m */ = {isa = PBXFileReference; lastKnownFileType = sourcecode.c.objc; path = main.m; sourceTree = "<group>"; };
		FA93E5E414D5BBE100361292 /* VideoConvert-Prefix.pch */ = {isa = PBXFileReference; lastKnownFileType = sourcecode.c.h; path = "VideoConvert-Prefix.pch"; sourceTree = "<group>"; };
		FA93E5EC14D5BF5300361292 /* ConversionEngine.h */ = {isa = PBXFileReference; fileEncoding = 4; lastKnownFileType = sourcecode.c.h; path = ConversionEngine.h; sourceTree = "<group>"; };
		FA93E5ED14D5BF5300361292 /* ConversionEngine.m */ = {isa = PBXFileReference; fileEncoding = 4; lastKnownFileType = sourcecode.c.objc; path = ConversionEngine.m; sourceTree = "<group>"; };
		FA93E5F014D5C6F300361292 /* iTunes.h */ = {isa = PBXFileReference; fileEncoding = 4; lastKnownFileType = sourcecode.c.h; path = iTunes.h; sourceTree = "<group>"; };
		FA93E5F114D5C7EF00361292 /* iTunesInterface.h */ = {isa = PBXFileReference; fileEncoding = 4; lastKnownFileType = sourcecode.c.h; path = iTunesInterface.h; sourceTree = "<group>"; };
		FA93E5F214D5C7EF00361292 /* iTunesInterface.m */ = {isa = PBXFileReference; fileEncoding = 4; lastKnownFileType = sourcecode.c.objc; path = iTunesInterface.m; sourceTree = "<group>"; };
		FA93E5F414D5CE0B00361292 /* ScriptingBridge.framework */ = {isa = PBXFileReference; lastKnownFileType = wrapper.framework; name = ScriptingBridge.framework; path = System/Library/Frameworks/ScriptingBridge.framework; sourceTree = SDKROOT; };
		FACE6ACE14E7FDB2002367AC /* HandbrakeWrapper.h */ = {isa = PBXFileReference; fileEncoding = 4; lastKnownFileType = sourcecode.c.h; path = HandbrakeWrapper.h; sourceTree = "<group>"; };
		FACE6ACF14E7FDB2002367AC /* HandbrakeWrapper.m */ = {isa = PBXFileReference; fileEncoding = 4; lastKnownFileType = sourcecode.c.objc; path = HandbrakeWrapper.m; sourceTree = "<group>"; };
/* End PBXFileReference section */

/* Begin PBXFrameworksBuildPhase section */
		FA55257915A9DA8A00C735D6 /* Frameworks */ = {
			isa = PBXFrameworksBuildPhase;
			buildActionMask = 2147483647;
			files = (
				FA55257F15A9DA8A00C735D6 /* SenTestingKit.framework in Frameworks */,
				FA55258115A9DA8A00C735D6 /* Cocoa.framework in Frameworks */,
			);
			runOnlyForDeploymentPostprocessing = 0;
		};
		FA93E5D714D5BBE000361292 /* Frameworks */ = {
			isa = PBXFrameworksBuildPhase;
			buildActionMask = 2147483647;
			files = (
				FA93E5F514D5CE0B00361292 /* ScriptingBridge.framework in Frameworks */,
				FA93E5DF14D5BBE100361292 /* Foundation.framework in Frameworks */,
			);
			runOnlyForDeploymentPostprocessing = 0;
		};
/* End PBXFrameworksBuildPhase section */

/* Begin PBXGroup section */
		FA55258215A9DA8A00C735D6 /* Other Frameworks */ = {
			isa = PBXGroup;
			children = (
				FA55258315A9DA8A00C735D6 /* AppKit.framework */,
				FA55258415A9DA8A00C735D6 /* CoreData.framework */,
				FA55258515A9DA8A00C735D6 /* Foundation.framework */,
			);
			name = "Other Frameworks";
			sourceTree = "<group>";
		};
		FA55258615A9DA8A00C735D6 /* VideoConvertTests */ = {
			isa = PBXGroup;
			children = (
				FA00CE0515A9E4E50033FA3F /* iTunesInterfaceTests.h */,
				FA00CE0615A9E4E50033FA3F /* iTunesInterfaceTests.m */,
				FA00CE0715A9E4E50033FA3F /* STAssertAdditions.h */,
				FA55258C15A9DA8A00C735D6 /* VideoConvertTests.h */,
				FA55258D15A9DA8A00C735D6 /* VideoConvertTests.m */,
				FA55258715A9DA8A00C735D6 /* Supporting Files */,
			);
			path = VideoConvertTests;
			sourceTree = "<group>";
		};
		FA55258715A9DA8A00C735D6 /* Supporting Files */ = {
			isa = PBXGroup;
			children = (
				FA55258815A9DA8A00C735D6 /* VideoConvertTests-Info.plist */,
				FA55258915A9DA8A00C735D6 /* InfoPlist.strings */,
				FA55258F15A9DA8A00C735D6 /* VideoConvertTests-Prefix.pch */,
			);
			name = "Supporting Files";
			sourceTree = "<group>";
		};
		FA93E5CF14D5BBE000361292 = {
			isa = PBXGroup;
			children = (
				FA93E5F414D5CE0B00361292 /* ScriptingBridge.framework */,
				FA93E5E014D5BBE100361292 /* VideoConvert */,
				FA55258615A9DA8A00C735D6 /* VideoConvertTests */,
				FA93E5DD14D5BBE000361292 /* Frameworks */,
				FA93E5DB14D5BBE000361292 /* Products */,
			);
			sourceTree = "<group>";
		};
		FA93E5DB14D5BBE000361292 /* Products */ = {
			isa = PBXGroup;
			children = (
				FA93E5DA14D5BBE000361292 /* VideoConvert */,
				FA55257D15A9DA8A00C735D6 /* VideoConvertTests.octest */,
			);
			name = Products;
			sourceTree = "<group>";
		};
		FA93E5DD14D5BBE000361292 /* Frameworks */ = {
			isa = PBXGroup;
			children = (
				FA93E5DE14D5BBE100361292 /* Foundation.framework */,
				FA55257E15A9DA8A00C735D6 /* SenTestingKit.framework */,
				FA55258015A9DA8A00C735D6 /* Cocoa.framework */,
				FA55258215A9DA8A00C735D6 /* Other Frameworks */,
			);
			name = Frameworks;
			sourceTree = "<group>";
		};
		FA93E5E014D5BBE100361292 /* VideoConvert */ = {
			isa = PBXGroup;
			children = (
				FA93E5EF14D5C6C100361292 /* ScriptingBridge */,
				FA93E5E114D5BBE100361292 /* main.m */,
				FA93E5E314D5BBE100361292 /* Supporting Files */,
				FA93E5EC14D5BF5300361292 /* ConversionEngine.h */,
				FA93E5ED14D5BF5300361292 /* ConversionEngine.m */,
				FACE6ACE14E7FDB2002367AC /* HandbrakeWrapper.h */,
				FACE6ACF14E7FDB2002367AC /* HandbrakeWrapper.m */,
			);
			path = VideoConvert;
			sourceTree = "<group>";
		};
		FA93E5E314D5BBE100361292 /* Supporting Files */ = {
			isa = PBXGroup;
			children = (
				FA93E5E414D5BBE100361292 /* VideoConvert-Prefix.pch */,
			);
			name = "Supporting Files";
			sourceTree = "<group>";
		};
		FA93E5EF14D5C6C100361292 /* ScriptingBridge */ = {
			isa = PBXGroup;
			children = (
				FA00CE0A15A9E72B0033FA3F /* TrackInfo.h */,
				FA00CE0B15A9E72B0033FA3F /* TrackInfo.m */,
				FA93E5F014D5C6F300361292 /* iTunes.h */,
				FA93E5F114D5C7EF00361292 /* iTunesInterface.h */,
				FA93E5F214D5C7EF00361292 /* iTunesInterface.m */,
			);
			path = ScriptingBridge;
			sourceTree = "<group>";
		};
/* End PBXGroup section */

/* Begin PBXNativeTarget section */
		FA55257C15A9DA8A00C735D6 /* VideoConvertTests */ = {
			isa = PBXNativeTarget;
			buildConfigurationList = FA55259215A9DA8A00C735D6 /* Build configuration list for PBXNativeTarget "VideoConvertTests" */;
			buildPhases = (
				FA55257815A9DA8A00C735D6 /* Sources */,
				FA55257915A9DA8A00C735D6 /* Frameworks */,
				FA55257A15A9DA8A00C735D6 /* Resources */,
				FA55257B15A9DA8A00C735D6 /* ShellScript */,
			);
			buildRules = (
			);
			dependencies = (
			);
			name = VideoConvertTests;
			productName = VideoConvertTests;
			productReference = FA55257D15A9DA8A00C735D6 /* VideoConvertTests.octest */;
			productType = "com.apple.product-type.bundle";
		};
		FA93E5D914D5BBE000361292 /* VideoConvert */ = {
			isa = PBXNativeTarget;
			buildConfigurationList = FA93E5E914D5BBE100361292 /* Build configuration list for PBXNativeTarget "VideoConvert" */;
			buildPhases = (
				FA93E5D614D5BBE000361292 /* Sources */,
				FA93E5D714D5BBE000361292 /* Frameworks */,
				FA93E5D814D5BBE000361292 /* CopyFiles */,
			);
			buildRules = (
			);
			dependencies = (
			);
			name = VideoConvert;
			productName = VideoConvert;
			productReference = FA93E5DA14D5BBE000361292 /* VideoConvert */;
			productType = "com.apple.product-type.tool";
		};
/* End PBXNativeTarget section */

/* Begin PBXProject section */
		FA93E5D114D5BBE000361292 /* Project object */ = {
			isa = PBXProject;
			attributes = {
				LastUpgradeCheck = 0420;
			};
			buildConfigurationList = FA93E5D414D5BBE000361292 /* Build configuration list for PBXProject "VideoConvert" */;
			compatibilityVersion = "Xcode 3.2";
			developmentRegion = English;
			hasScannedForEncodings = 0;
			knownRegions = (
				en,
			);
			mainGroup = FA93E5CF14D5BBE000361292;
			productRefGroup = FA93E5DB14D5BBE000361292 /* Products */;
			projectDirPath = "";
			projectRoot = "";
			targets = (
				FA93E5D914D5BBE000361292 /* VideoConvert */,
				FA55257C15A9DA8A00C735D6 /* VideoConvertTests */,
			);
		};
/* End PBXProject section */

/* Begin PBXResourcesBuildPhase section */
		FA55257A15A9DA8A00C735D6 /* Resources */ = {
			isa = PBXResourcesBuildPhase;
			buildActionMask = 2147483647;
			files = (
				FA55258B15A9DA8A00C735D6 /* InfoPlist.strings in Resources */,
			);
			runOnlyForDeploymentPostprocessing = 0;
		};
/* End PBXResourcesBuildPhase section */

/* Begin PBXShellScriptBuildPhase section */
		FA55257B15A9DA8A00C735D6 /* ShellScript */ = {
			isa = PBXShellScriptBuildPhase;
			buildActionMask = 2147483647;
			files = (
			);
			inputPaths = (
			);
			outputPaths = (
			);
			runOnlyForDeploymentPostprocessing = 0;
			shellPath = /bin/sh;
			shellScript = "# Run the unit tests in this test bundle.\n\"${SYSTEM_DEVELOPER_DIR}/Tools/RunUnitTests\"\n";
		};
/* End PBXShellScriptBuildPhase section */

/* Begin PBXSourcesBuildPhase section */
		FA55257815A9DA8A00C735D6 /* Sources */ = {
			isa = PBXSourcesBuildPhase;
			buildActionMask = 2147483647;
			files = (
				FA55258E15A9DA8A00C735D6 /* VideoConvertTests.m in Sources */,
				FA00CE0815A9E4E50033FA3F /* iTunesInterfaceTests.m in Sources */,
			);
			runOnlyForDeploymentPostprocessing = 0;
		};
		FA93E5D614D5BBE000361292 /* Sources */ = {
			isa = PBXSourcesBuildPhase;
			buildActionMask = 2147483647;
			files = (
				FA93E5E214D5BBE100361292 /* main.m in Sources */,
				FA93E5EE14D5BF5300361292 /* ConversionEngine.m in Sources */,
				FA93E5F314D5C7EF00361292 /* iTunesInterface.m in Sources */,
				FACE6AD014E7FDB3002367AC /* HandbrakeWrapper.m in Sources */,
				FA00CE0C15A9E72B0033FA3F /* TrackInfo.m in Sources */,
			);
			runOnlyForDeploymentPostprocessing = 0;
		};
/* End PBXSourcesBuildPhase section */

/* Begin PBXVariantGroup section */
		FA55258915A9DA8A00C735D6 /* InfoPlist.strings */ = {
			isa = PBXVariantGroup;
			children = (
				FA55258A15A9DA8A00C735D6 /* en */,
			);
			name = InfoPlist.strings;
			sourceTree = "<group>";
		};
/* End PBXVariantGroup section */

/* Begin XCBuildConfiguration section */
		FA55259015A9DA8A00C735D6 /* Debug */ = {
			isa = XCBuildConfiguration;
			buildSettings = {
				BUNDLE_LOADER = "$(BUILT_PRODUCTS_DIR)/VideoConvert";
				CLANG_CXX_LANGUAGE_STANDARD = "gnu++0x";
				CLANG_WARN__DUPLICATE_METHOD_MATCH = YES;
				FRAMEWORK_SEARCH_PATHS = "\"$(DEVELOPER_LIBRARY_DIR)/Frameworks\"";
				GCC_PRECOMPILE_PREFIX_HEADER = YES;
				GCC_PREFIX_HEADER = "VideoConvertTests/VideoConvertTests-Prefix.pch";
				GCC_WARN_UNINITIALIZED_AUTOS = YES;
				INFOPLIST_FILE = "VideoConvertTests/VideoConvertTests-Info.plist";
				PRODUCT_NAME = "$(TARGET_NAME)";
				TEST_AFTER_BUILD = YES;
				TEST_HOST = "$(BUILT_PRODUCTS_DIR)/VideoConvert";
				WRAPPER_EXTENSION = octest;
			};
			name = Debug;
		};
		FA55259115A9DA8A00C735D6 /* Release */ = {
			isa = XCBuildConfiguration;
			buildSettings = {
				BUNDLE_LOADER = "$(BUILT_PRODUCTS_DIR)/VideoConvert";
				CLANG_CXX_LANGUAGE_STANDARD = "gnu++0x";
				CLANG_WARN__DUPLICATE_METHOD_MATCH = YES;
				FRAMEWORK_SEARCH_PATHS = "\"$(DEVELOPER_LIBRARY_DIR)/Frameworks\"";
				GCC_PRECOMPILE_PREFIX_HEADER = YES;
				GCC_PREFIX_HEADER = "VideoConvertTests/VideoConvertTests-Prefix.pch";
				GCC_WARN_UNINITIALIZED_AUTOS = YES;
				INFOPLIST_FILE = "VideoConvertTests/VideoConvertTests-Info.plist";
				PRODUCT_NAME = "$(TARGET_NAME)";
				TEST_AFTER_BUILD = YES;
				TEST_HOST = "$(BUILT_PRODUCTS_DIR)/VideoConvert";
				WRAPPER_EXTENSION = octest;
			};
			name = Release;
		};
		FA93E5E714D5BBE100361292 /* Debug */ = {
			isa = XCBuildConfiguration;
			buildSettings = {
				ALWAYS_SEARCH_USER_PATHS = NO;
				ARCHS = "$(ARCHS_STANDARD_64_BIT)";
				CLANG_ENABLE_OBJC_ARC = YES;
				COPY_PHASE_STRIP = NO;
				GCC_C_LANGUAGE_STANDARD = gnu99;
				GCC_DYNAMIC_NO_PIC = NO;
				GCC_ENABLE_OBJC_EXCEPTIONS = YES;
				GCC_OPTIMIZATION_LEVEL = 0;
				GCC_PREPROCESSOR_DEFINITIONS = (
					"DEBUG=1",
					"$(inherited)",
				);
				GCC_SYMBOLS_PRIVATE_EXTERN = NO;
				GCC_VERSION = com.apple.compilers.llvm.clang.1_0;
				GCC_WARN_64_TO_32_BIT_CONVERSION = YES;
				GCC_WARN_ABOUT_MISSING_PROTOTYPES = YES;
				GCC_WARN_ABOUT_RETURN_TYPE = YES;
				GCC_WARN_UNUSED_VARIABLE = YES;
				MACOSX_DEPLOYMENT_TARGET = 10.7;
				ONLY_ACTIVE_ARCH = YES;
				SDKROOT = macosx;
				SYMROOT = build;
			};
			name = Debug;
		};
		FA93E5E814D5BBE100361292 /* Release */ = {
			isa = XCBuildConfiguration;
			buildSettings = {
				ALWAYS_SEARCH_USER_PATHS = NO;
				ARCHS = "$(ARCHS_STANDARD_64_BIT)";
				CLANG_ENABLE_OBJC_ARC = YES;
				COPY_PHASE_STRIP = YES;
				DEBUG_INFORMATION_FORMAT = "dwarf-with-dsym";
				GCC_C_LANGUAGE_STANDARD = gnu99;
				GCC_ENABLE_OBJC_EXCEPTIONS = YES;
				GCC_VERSION = com.apple.compilers.llvm.clang.1_0;
				GCC_WARN_64_TO_32_BIT_CONVERSION = YES;
				GCC_WARN_ABOUT_MISSING_PROTOTYPES = YES;
				GCC_WARN_ABOUT_RETURN_TYPE = YES;
				GCC_WARN_UNUSED_VARIABLE = YES;
				MACOSX_DEPLOYMENT_TARGET = 10.7;
				SDKROOT = macosx;
				SYMROOT = build;
			};
			name = Release;
		};
		FA93E5EA14D5BBE100361292 /* Debug */ = {
			isa = XCBuildConfiguration;
			buildSettings = {
				GCC_PRECOMPILE_PREFIX_HEADER = YES;
				GCC_PREFIX_HEADER = "VideoConvert/VideoConvert-Prefix.pch";
				PRODUCT_NAME = "$(TARGET_NAME)";
			};
			name = Debug;
		};
		FA93E5EB14D5BBE100361292 /* Release */ = {
			isa = XCBuildConfiguration;
			buildSettings = {
				GCC_PRECOMPILE_PREFIX_HEADER = YES;
				GCC_PREFIX_HEADER = "VideoConvert/VideoConvert-Prefix.pch";
				PRODUCT_NAME = "$(TARGET_NAME)";
			};
			name = Release;
		};
/* End XCBuildConfiguration section */

/* Begin XCConfigurationList section */
		FA55259215A9DA8A00C735D6 /* Build configuration list for PBXNativeTarget "VideoConvertTests" */ = {
			isa = XCConfigurationList;
			buildConfigurations = (
				FA55259015A9DA8A00C735D6 /* Debug */,
				FA55259115A9DA8A00C735D6 /* Release */,
			);
			defaultConfigurationIsVisible = 0;
			defaultConfigurationName = Release;
		};
		FA93E5D414D5BBE000361292 /* Build configuration list for PBXProject "VideoConvert" */ = {
			isa = XCConfigurationList;
			buildConfigurations = (
				FA93E5E714D5BBE100361292 /* Debug */,
				FA93E5E814D5BBE100361292 /* Release */,
			);
			defaultConfigurationIsVisible = 0;
			defaultConfigurationName = Release;
		};
		FA93E5E914D5BBE100361292 /* Build configuration list for PBXNativeTarget "VideoConvert" */ = {
			isa = XCConfigurationList;
			buildConfigurations = (
				FA93E5EA14D5BBE100361292 /* Debug */,
				FA93E5EB14D5BBE100361292 /* Release */,
			);
			defaultConfigurationIsVisible = 0;
			defaultConfigurationName = Release;
		};
/* End XCConfigurationList section */
	};
	rootObject = FA93E5D114D5BBE000361292 /* Project object */;
}
